
Microsoft Visual Studio Solution File, Format Version 12.00
# Visual Studio Version 17
VisualStudioVersion = 17.14.36212.18
MinimumVisualStudioVersion = 10.0.40219.1
Project("{8BC9CEB8-8B4A-11D0-8D11-00A0C91BC942}") = "Toolbox", "Toolbox.vcxproj", "{DA4C386E-B0CF-D270-B199-588BEB284909}"
EndProject
Project("{2150E333-8FDC-42A3-9474-1A3956D46DE8}") = "SolutionFolder", "SolutionFolder", "{02EA681E-C7D8-13C7-8484-4AC65E1B71E8}"
EndProject
Project("{E24C65DC-7377-472B-9ABA-BC803B73C61A}") = "SampleProjects", "..\SampleProjects\", "{A6943DCD-999B-9341-3472-799BD3653529}"
	ProjectSection(WebsiteProperties) = preProject
		TargetFrameworkMoniker = ".NETFramework,Version%3Dv4.8"
		Debug.AspNetCompiler.VirtualPath = "/localhost_63570"
		Debug.AspNetCompiler.PhysicalPath = "..\SampleProjects\"
		Debug.AspNetCompiler.TargetPath = "PrecompiledWeb\localhost_63570\"
		Debug.AspNetCompiler.Updateable = "true"
		Debug.AspNetCompiler.ForceOverwrite = "true"
		Debug.AspNetCompiler.FixedNames = "false"
		Debug.AspNetCompiler.Debug = "True"
		Release.AspNetCompiler.VirtualPath = "/localhost_63570"
		Release.AspNetCompiler.PhysicalPath = "..\SampleProjects\"
		Release.AspNetCompiler.TargetPath = "PrecompiledWeb\localhost_63570\"
		Release.AspNetCompiler.Updateable = "true"
		Release.AspNetCompiler.ForceOverwrite = "true"
		Release.AspNetCompiler.FixedNames = "false"
		Release.AspNetCompiler.Debug = "False"
		VWDPort = "63570"
	EndProjectSection
EndProject
Project("{8BC9CEB8-8B4A-11D0-8D11-00A0C91BC942}") = "Tests", "..\tests\Tests.vcxproj", "{4A03B6F1-DA8F-413A-9541-C51A6B8884E3}"
EndProject
Global
	GlobalSection(SolutionConfigurationPlatforms) = preSolution
		Debug|Any CPU = Debug|Any CPU
		Debug|Win32 = Debug|Win32
		MacWine Release|Any CPU = MacWine Release|Any CPU
		MacWine Release|Win32 = MacWine Release|Win32
		Release|Any CPU = Release|Any CPU
		Release|Win32 = Release|Win32
	EndGlobalSection
	GlobalSection(ProjectConfigurationPlatforms) = postSolution
		{DA4C386E-B0CF-D270-B199-588BEB284909}.Debug|Any CPU.ActiveCfg = TestLib|Win32
		{DA4C386E-B0CF-D270-B199-588BEB284909}.Debug|Any CPU.Build.0 = TestLib|Win32
		{DA4C386E-B0CF-D270-B199-588BEB284909}.Debug|Win32.ActiveCfg = Debug|Win32
		{DA4C386E-B0CF-D270-B199-588BEB284909}.Debug|Win32.Build.0 = Debug|Win32
		{DA4C386E-B0CF-D270-B199-588BEB284909}.MacWine Release|Any CPU.ActiveCfg = MacWine Release|Win32
		{DA4C386E-B0CF-D270-B199-588BEB284909}.MacWine Release|Any CPU.Build.0 = MacWine Release|Win32
		{DA4C386E-B0CF-D270-B199-588BEB284909}.MacWine Release|Win32.ActiveCfg = MacWine Release|Win32
		{DA4C386E-B0CF-D270-B199-588BEB284909}.MacWine Release|Win32.Build.0 = MacWine Release|Win32
		{DA4C386E-B0CF-D270-B199-588BEB284909}.Release|Any CPU.ActiveCfg = Release|Win32
		{DA4C386E-B0CF-D270-B199-588BEB284909}.Release|Any CPU.Build.0 = Release|Win32
		{DA4C386E-B0CF-D270-B199-588BEB284909}.Release|Win32.ActiveCfg = Release|Win32
		{DA4C386E-B0CF-D270-B199-588BEB284909}.Release|Win32.Build.0 = Release|Win32
		{A6943DCD-999B-9341-3472-799BD3653529}.Debug|Any CPU.ActiveCfg = Debug|Any CPU
		{A6943DCD-999B-9341-3472-799BD3653529}.Debug|Any CPU.Build.0 = Debug|Any CPU
		{A6943DCD-999B-9341-3472-799BD3653529}.Debug|Win32.ActiveCfg = Debug|Any CPU
		{A6943DCD-999B-9341-3472-799BD3653529}.Debug|Win32.Build.0 = Debug|Any CPU
		{A6943DCD-999B-9341-3472-799BD3653529}.MacWine Release|Any CPU.ActiveCfg = Debug|Any CPU
		{A6943DCD-999B-9341-3472-799BD3653529}.MacWine Release|Any CPU.Build.0 = Debug|Any CPU
		{A6943DCD-999B-9341-3472-799BD3653529}.MacWine Release|Win32.ActiveCfg = Debug|Any CPU
		{A6943DCD-999B-9341-3472-799BD3653529}.MacWine Release|Win32.Build.0 = Debug|Any CPU
		{A6943DCD-999B-9341-3472-799BD3653529}.Release|Any CPU.ActiveCfg = Debug|Any CPU
		{A6943DCD-999B-9341-3472-799BD3653529}.Release|Any CPU.Build.0 = Debug|Any CPU
		{A6943DCD-999B-9341-3472-799BD3653529}.Release|Win32.ActiveCfg = Debug|Any CPU
		{A6943DCD-999B-9341-3472-799BD3653529}.Release|Win32.Build.0 = Debug|Any CPU
		{4A03B6F1-DA8F-413A-9541-C51A6B8884E3}.Debug|Any CPU.ActiveCfg = Debug|Win32
		{4A03B6F1-DA8F-413A-9541-C51A6B8884E3}.Debug|Any CPU.Build.0 = Debug|Win32
		{4A03B6F1-DA8F-413A-9541-C51A6B8884E3}.Debug|Win32.ActiveCfg = Debug|Win32
		{4A03B6F1-DA8F-413A-9541-C51A6B8884E3}.Debug|Win32.Build.0 = Debug|Win32
		{4A03B6F1-DA8F-413A-9541-C51A6B8884E3}.MacWine Release|Any CPU.ActiveCfg = Debug|Win32
		{4A03B6F1-DA8F-413A-9541-C51A6B8884E3}.MacWine Release|Win32.ActiveCfg = Release|Win32
		{4A03B6F1-DA8F-413A-9541-C51A6B8884E3}.MacWine Release|Win32.Build.0 = Release|Win32
		{4A03B6F1-DA8F-413A-9541-C51A6B8884E3}.Release|Any CPU.ActiveCfg = Release|Win32
		{4A03B6F1-DA8F-413A-9541-C51A6B8884E3}.Release|Win32.ActiveCfg = Release|Win32
		{4A03B6F1-DA8F-413A-9541-C51A6B8884E3}.Release|Win32.Build.0 = Release|Win32
	EndGlobalSection
	GlobalSection(SolutionProperties) = preSolution
		HideSolutionNode = FALSE
	EndGlobalSection
	GlobalSection(NestedProjects) = preSolution
		{A6943DCD-999B-9341-3472-799BD3653529} = {02EA681E-C7D8-13C7-8484-4AC65E1B71E8}
	EndGlobalSection
	GlobalSection(ExtensibilityGlobals) = postSolution
		SolutionGuid = {518B55DF-C9EE-4E13-9BB9-FFCC1B1BCCF2}
	EndGlobalSection
EndGlobal
